# This file is automatically @generated by Cargo.
# It is not intended for manual editing.
version = 4

[[package]]
name = "action_msgs"
version = "1.2.2"
dependencies = [
 "builtin_interfaces",
 "rosidl_runtime_rs",
 "unique_identifier_msgs",
]

[[package]]
name = "builtin_interfaces"
version = "1.2.2"
dependencies = [
 "rosidl_runtime_rs",
]

[[package]]
name = "cfg-if"
version = "1.0.4"
source = "registry+https://github.com/rust-lang/crates.io-index"
checksum = "9330f8b2ff13f34540b44e946ef35111825727b38d33286ef986142615121801"

[[package]]
name = "consumer"
version = "0.1.0"
dependencies = [
 "action_msgs",
 "builtin_interfaces",
 "diagnostic_msgs",
 "example_interfaces",
 "geometry_msgs",
 "iface_core",
 "iface_deps",
 "nav_msgs",
 "rosidl_runtime_rs",
 "sensor_msgs",
 "std_msgs",
 "trajectory_msgs",
]

[[package]]
name = "diagnostic_msgs"
version = "4.9.1"
dependencies = [
 "rosidl_runtime_rs",
 "std_msgs",
]

[[package]]
name = "example_interfaces"
version = "0.9.3"
dependencies = [
 "action_msgs",
 "builtin_interfaces",
 "rosidl_runtime_rs",
 "unique_identifier_msgs",
]

[[package]]
name = "geometry_msgs"
version = "4.9.1"
dependencies = [
 "rosidl_runtime_rs",
 "std_msgs",
]

[[package]]
name = "iface_core"
version = "0.1.0"
dependencies = [
 "action_msgs",
 "builtin_interfaces",
 "geometry_msgs",
 "rosidl_runtime_rs",
 "sensor_msgs",
 "std_msgs",
 "unique_identifier_msgs",
]

[[package]]
name = "iface_deps"
version = "0.1.0"
dependencies = [
 "builtin_interfaces",
 "iface_core",
 "rosidl_runtime_rs",
]

[[package]]
name = "nav_msgs"
version = "4.9.1"
dependencies = [
 "builtin_interfaces",
 "geometry_msgs",
 "rosidl_runtime_rs",
 "std_msgs",
]

[[package]]
name = "rosidl_runtime_rs"
version = "0.6.0"
source = "registry+https://github.com/rust-lang/crates.io-index"
checksum = "c2ff07e0a0795fd185dc92bcc5a90db39611c83397f17581cf80d8c0d8944dd6"
dependencies = [
 "cfg-if",
]

[[package]]
name = "sensor_msgs"
version = "4.9.1"
dependencies = [
 "builtin_interfaces",
 "geometry_msgs",
 "rosidl_runtime_rs",
 "std_msgs",
]

[[package]]
name = "std_msgs"
version = "4.9.1"
dependencies = [
 "builtin_interfaces",
 "rosidl_runtime_rs",
]

[[package]]
name = "trajectory_msgs"
version = "4.9.1"
dependencies = [
 "builtin_interfaces",
 "geometry_msgs",
 "rosidl_runtime_rs",
 "std_msgs",
]

[[package]]
name = "unique_identifier_msgs"
version = "2.2.1"
dependencies = [
 "rosidl_runtime_rs",
]
